// !$*UTF8*$!
{
	archiveVersion = 1;
	classes = {
	};
	objectVersion = 46;
	objects = {

/* Begin PBXBuildFile section */
		0B6A750D17641575007F1701 /* UIKit.framework in Frameworks */ = {isa = PBXBuildFile; fileRef = 0B6A750C17641575007F1701 /* UIKit.framework */; };
		0B6A750F17641575007F1701 /* Foundation.framework in Frameworks */ = {isa = PBXBuildFile; fileRef = 0B6A750E17641575007F1701 /* Foundation.framework */; };
		0B6A751117641575007F1701 /* CoreGraphics.framework in Frameworks */ = {isa = PBXBuildFile; fileRef = 0B6A751017641575007F1701 /* CoreGraphics.framework */; };
		0B6A751717641575007F1701 /* InfoPlist.strings in Resources */ = {isa = PBXBuildFile; fileRef = 0B6A751517641575007F1701 /* InfoPlist.strings */; };
		0B6A751917641576007F1701 /* main.m in Sources */ = {isa = PBXBuildFile; fileRef = 0B6A751817641576007F1701 /* main.m */; };
		0B6A751D17641576007F1701 /* AppDelegate.m in Sources */ = {isa = PBXBuildFile; fileRef = 0B6A751C17641576007F1701 /* AppDelegate.m */; };
		0B6A751F17641576007F1701 /* Default.png in Resources */ = {isa = PBXBuildFile; fileRef = 0B6A751E17641576007F1701 /* Default.png */; };
		0B6A752117641576007F1701 /* Default@2x.png in Resources */ = {isa = PBXBuildFile; fileRef = 0B6A752017641576007F1701 /* Default@2x.png */; };
		0B6A752317641576007F1701 /* Default-568h@2x.png in Resources */ = {isa = PBXBuildFile; fileRef = 0B6A752217641576007F1701 /* Default-568h@2x.png */; };
		0B6A753A176416BA007F1701 /* LeftSecondViewController.m in Sources */ = {isa = PBXBuildFile; fileRef = 0B6A7539176416BA007F1701 /* LeftSecondViewController.m */; };
		0B6A753D176416D0007F1701 /* LeftFirstViewController.m in Sources */ = {isa = PBXBuildFile; fileRef = 0B6A753C176416D0007F1701 /* LeftFirstViewController.m */; };
		0B6A7540176416E0007F1701 /* MainViewController.m in Sources */ = {isa = PBXBuildFile; fileRef = 0B6A753F176416E0007F1701 /* MainViewController.m */; };
		0B6A7543176416F4007F1701 /* RightFirstViewController.m in Sources */ = {isa = PBXBuildFile; fileRef = 0B6A7542176416F4007F1701 /* RightFirstViewController.m */; };
		0B6A754617641703007F1701 /* RightSecondViewController.m in Sources */ = {isa = PBXBuildFile; fileRef = 0B6A754517641703007F1701 /* RightSecondViewController.m */; };
		0B6A755817641AEB007F1701 /* bottom_4chick.png in Resources */ = {isa = PBXBuildFile; fileRef = 0B6A754D17641AEB007F1701 /* bottom_4chick.png */; };
		0B6A755917641AEB007F1701 /* bottom_4nor.png in Resources */ = {isa = PBXBuildFile; fileRef = 0B6A754E17641AEB007F1701 /* bottom_4nor.png */; };
		0B6A755A17641AEB007F1701 /* bottom_m_bg.png in Resources */ = {isa = PBXBuildFile; fileRef = 0B6A754F17641AEB007F1701 /* bottom_m_bg.png */; };
		0B6A756617641C70007F1701 /* CustomBarButton.m in Sources */ = {isa = PBXBuildFile; fileRef = 0B6A755E17641BB4007F1701 /* CustomBarButton.m */; };
		0B6A756717641C70007F1701 /* CustomNavViewController.m in Sources */ = {isa = PBXBuildFile; fileRef = 0B6A756017641BB4007F1701 /* CustomNavViewController.m */; };
		0B6A756817641C70007F1701 /* CustomTabbarView.m in Sources */ = {isa = PBXBuildFile; fileRef = 0B6A756217641BB4007F1701 /* CustomTabbarView.m */; };
		0B6A756917641C70007F1701 /* CustomTabbarViewController.m in Sources */ = {isa = PBXBuildFile; fileRef = 0B6A756417641BB4007F1701 /* CustomTabbarViewController.m */; };
		0B6A756B17641E61007F1701 /* 1_bg.png in Resources */ = {isa = PBXBuildFile; fileRef = 0B6A756A17641E61007F1701 /* 1_bg.png */; };
		0B6A756C17642034007F1701 /* CustomTabbarViewController.xib in Resources */ = {isa = PBXBuildFile; fileRef = 0B6A756517641BB4007F1701 /* CustomTabbarViewController.xib */; };
		0B6A7572176424A1007F1701 /* NewFirstViewController.m in Sources */ = {isa = PBXBuildFile; fileRef = 0B6A7571176424A0007F1701 /* NewFirstViewController.m */; };
		0B6A7575176424B3007F1701 /* NewSecondViewController.m in Sources */ = {isa = PBXBuildFile; fileRef = 0B6A7574176424B0007F1701 /* NewSecondViewController.m */; };
		0B6A757817644DD0007F1701 /* box_blue.png in Resources */ = {isa = PBXBuildFile; fileRef = 0B6A757617644DD0007F1701 /* box_blue.png */; };
		0B6A757917644DD0007F1701 /* box_grey.png in Resources */ = {isa = PBXBuildFile; fileRef = 0B6A757717644DD0007F1701 /* box_grey.png */; };
/* End PBXBuildFile section */

/* Begin PBXFileReference section */
		0B6A750917641575007F1701 /* CustomTabbar.app */ = {isa = PBXFileReference; explicitFileType = wrapper.application; includeInIndex = 0; path = CustomTabbar.app; sourceTree = BUILT_PRODUCTS_DIR; };
		0B6A750C17641575007F1701 /* UIKit.framework */ = {isa = PBXFileReference; lastKnownFileType = wrapper.framework; name = UIKit.framework; path = System/Library/Frameworks/UIKit.framework; sourceTree = SDKROOT; };
		0B6A750E17641575007F1701 /* Foundation.framework */ = {isa = PBXFileReference; lastKnownFileType = wrapper.framework; name = Foundation.framework; path = System/Library/Frameworks/Foundation.framework; sourceTree = SDKROOT; };
		0B6A751017641575007F1701 /* CoreGraphics.framework */ = {isa = PBXFileReference; lastKnownFileType = wrapper.framework; name = CoreGraphics.framework; path = System/Library/Frameworks/CoreGraphics.framework; sourceTree = SDKROOT; };
		0B6A751417641575007F1701 /* CustomTabbar-Info.plist */ = {isa = PBXFileReference; lastKnownFileType = text.plist.xml; path = "CustomTabbar-Info.plist"; sourceTree = "<group>"; };
		0B6A751617641575007F1701 /* en */ = {isa = PBXFileReference; lastKnownFileType = text.plist.strings; name = en; path = en.lproj/InfoPlist.strings; sourceTree = "<group>"; };
		0B6A751817641576007F1701 /* main.m */ = {isa = PBXFileReference; lastKnownFileType = sourcecode.c.objc; path = main.m; sourceTree = "<group>"; };
		0B6A751A17641576007F1701 /* CustomTabbar-Prefix.pch */ = {isa = PBXFileReference; lastKnownFileType = sourcecode.c.h; path = "CustomTabbar-Prefix.pch"; sourceTree = "<group>"; };
		0B6A751B17641576007F1701 /* AppDelegate.h */ = {isa = PBXFileReference; lastKnownFileType = sourcecode.c.h; path = AppDelegate.h; sourceTree = "<group>"; };
		0B6A751C17641576007F1701 /* AppDelegate.m */ = {isa = PBXFileReference; lastKnownFileType = sourcecode.c.objc; path = AppDelegate.m; sourceTree = "<group>"; };
		0B6A751E17641576007F1701 /* Default.png */ = {isa = PBXFileReference; lastKnownFileType = image.png; path = Default.png; sourceTree = "<group>"; };
		0B6A752017641576007F1701 /* Default@2x.png */ = {isa = PBXFileReference; lastKnownFileType = image.png; path = "Default@2x.png"; sourceTree = "<group>"; };
		0B6A752217641576007F1701 /* Default-568h@2x.png */ = {isa = PBXFileReference; lastKnownFileType = image.png; path = "Default-568h@2x.png"; sourceTree = "<group>"; };
		0B6A7538176416BA007F1701 /* LeftSecondViewController.h */ = {isa = PBXFileReference; fileEncoding = 4; lastKnownFileType = sourcecode.c.h; path = LeftSecondViewController.h; sourceTree = "<group>"; };
		0B6A7539176416BA007F1701 /* LeftSecondViewController.m */ = {isa = PBXFileReference; fileEncoding = 4; lastKnownFileType = sourcecode.c.objc; path = LeftSecondViewController.m; sourceTree = "<group>"; };
		0B6A753B176416D0007F1701 /* LeftFirstViewController.h */ = {isa = PBXFileReference; fileEncoding = 4; lastKnownFileType = sourcecode.c.h; path = LeftFirstViewController.h; sourceTree = "<group>"; };
		0B6A753C176416D0007F1701 /* LeftFirstViewController.m */ = {isa = PBXFileReference; fileEncoding = 4; lastKnownFileType = sourcecode.c.objc; path = LeftFirstViewController.m; sourceTree = "<group>"; };
		0B6A753E176416E0007F1701 /* MainViewController.h */ = {isa = PBXFileReference; fileEncoding = 4; lastKnownFileType = sourcecode.c.h; path = MainViewController.h; sourceTree = "<group>"; };
		0B6A753F176416E0007F1701 /* MainViewController.m */ = {isa = PBXFileReference; fileEncoding = 4; lastKnownFileType = sourcecode.c.objc; path = MainViewController.m; sourceTree = "<group>"; };
		0B6A7541176416F4007F1701 /* RightFirstViewController.h */ = {isa = PBXFileReference; fileEncoding = 4; lastKnownFileType = sourcecode.c.h; path = RightFirstViewController.h; sourceTree = "<group>"; };
		0B6A7542176416F4007F1701 /* RightFirstViewController.m */ = {isa = PBXFileReference; fileEncoding = 4; lastKnownFileType = sourcecode.c.objc; path = RightFirstViewController.m; sourceTree = "<group>"; };
		0B6A754417641702007F1701 /* RightSecondViewController.h */ = {isa = PBXFileReference; fileEncoding = 4; lastKnownFileType = sourcecode.c.h; path = RightSecondViewController.h; sourceTree = "<group>"; };
		0B6A754517641703007F1701 /* RightSecondViewController.m */ = {isa = PBXFileReference; fileEncoding = 4; lastKnownFileType = sourcecode.c.objc; path = RightSecondViewController.m; sourceTree = "<group>"; };
		0B6A754D17641AEB007F1701 /* bottom_4chick.png */ = {isa = PBXFileReference; lastKnownFileType = image.png; name = bottom_4chick.png; path = image/bottom_4chick.png; sourceTree = "<group>"; };
		0B6A754E17641AEB007F1701 /* bottom_4nor.png */ = {isa = PBXFileReference; lastKnownFileType = image.png; name = bottom_4nor.png; path = image/bottom_4nor.png; sourceTree = "<group>"; };
		0B6A754F17641AEB007F1701 /* bottom_m_bg.png */ = {isa = PBXFileReference; lastKnownFileType = image.png; name = bottom_m_bg.png; path = image/bottom_m_bg.png; sourceTree = "<group>"; };
		0B6A755D17641BB4007F1701 /* CustomBarButton.h */ = {isa = PBXFileReference; lastKnownFileType = sourcecode.c.h; path = CustomBarButton.h; sourceTree = "<group>"; };
		0B6A755E17641BB4007F1701 /* CustomBarButton.m */ = {isa = PBXFileReference; lastKnownFileType = sourcecode.c.objc; path = CustomBarButton.m; sourceTree = "<group>"; };
		0B6A755F17641BB4007F1701 /* CustomNavViewController.h */ = {isa = PBXFileReference; lastKnownFileType = sourcecode.c.h; path = CustomNavViewController.h; sourceTree = "<group>"; };
		0B6A756017641BB4007F1701 /* CustomNavViewController.m */ = {isa = PBXFileReference; lastKnownFileType = sourcecode.c.objc; path = CustomNavViewController.m; sourceTree = "<group>"; };
		0B6A756117641BB4007F1701 /* CustomTabbarView.h */ = {isa = PBXFileReference; lastKnownFileType = sourcecode.c.h; path = CustomTabbarView.h; sourceTree = "<group>"; };
		0B6A756217641BB4007F1701 /* CustomTabbarView.m */ = {isa = PBXFileReference; lastKnownFileType = sourcecode.c.objc; path = CustomTabbarView.m; sourceTree = "<group>"; };
		0B6A756317641BB4007F1701 /* CustomTabbarViewController.h */ = {isa = PBXFileReference; lastKnownFileType = sourcecode.c.h; path = CustomTabbarViewController.h; sourceTree = "<group>"; };
		0B6A756417641BB4007F1701 /* CustomTabbarViewController.m */ = {isa = PBXFileReference; lastKnownFileType = sourcecode.c.objc; path = CustomTabbarViewController.m; sourceTree = "<group>"; };
		0B6A756517641BB4007F1701 /* CustomTabbarViewController.xib */ = {isa = PBXFileReference; lastKnownFileType = file.xib; path = CustomTabbarViewController.xib; sourceTree = "<group>"; };
		0B6A756A17641E61007F1701 /* 1_bg.png */ = {isa = PBXFileReference; lastKnownFileType = image.png; name = 1_bg.png; path = image/1_bg.png; sourceTree = "<group>"; };
		0B6A7570176424A0007F1701 /* NewFirstViewController.h */ = {isa = PBXFileReference; fileEncoding = 4; lastKnownFileType = sourcecode.c.h; path = NewFirstViewController.h; sourceTree = "<group>"; };
		0B6A7571176424A0007F1701 /* NewFirstViewController.m */ = {isa = PBXFileReference; fileEncoding = 4; lastKnownFileType = sourcecode.c.objc; path = NewFirstViewController.m; sourceTree = "<group>"; };
		0B6A7573176424AE007F1701 /* NewSecondViewController.h */ = {isa = PBXFileReference; fileEncoding = 4; lastKnownFileType = sourcecode.c.h; path = NewSecondViewController.h; sourceTree = "<group>"; };
		0B6A7574176424B0007F1701 /* NewSecondViewController.m */ = {isa = PBXFileReference; fileEncoding = 4; lastKnownFileType = sourcecode.c.objc; path = NewSecondViewController.m; sourceTree = "<group>"; };
		0B6A757617644DD0007F1701 /* box_blue.png */ = {isa = PBXFileReference; lastKnownFileType = image.png; name = box_blue.png; path = image/box_blue.png; sourceTree = "<group>"; };
		0B6A757717644DD0007F1701 /* box_grey.png */ = {isa = PBXFileReference; lastKnownFileType = image.png; name = box_grey.png; path = image/box_grey.png; sourceTree = "<group>"; };
/* End PBXFileReference section */

/* Begin PBXFrameworksBuildPhase section */
		0B6A750617641575007F1701 /* Frameworks */ = {
			isa = PBXFrameworksBuildPhase;
			buildActionMask = 2147483647;
			files = (
				0B6A750D17641575007F1701 /* UIKit.framework in Frameworks */,
				0B6A750F17641575007F1701 /* Foundation.framework in Frameworks */,
				0B6A751117641575007F1701 /* CoreGraphics.framework in Frameworks */,
			);
			runOnlyForDeploymentPostprocessing = 0;
		};
/* End PBXFrameworksBuildPhase section */

/* Begin PBXGroup section */
		0B6A750017641575007F1701 = {
			isa = PBXGroup;
			children = (
				0B6A751217641575007F1701 /* CustomTabbar */,
				0B6A750B17641575007F1701 /* Frameworks */,
				0B6A750A17641575007F1701 /* Products */,
			);
			sourceTree = "<group>";
		};
		0B6A750A17641575007F1701 /* Products */ = {
			isa = PBXGroup;
			children = (
				0B6A750917641575007F1701 /* CustomTabbar.app */,
			);
			name = Products;
			sourceTree = "<group>";
		};
		0B6A750B17641575007F1701 /* Frameworks */ = {
			isa = PBXGroup;
			children = (
				0B6A750C17641575007F1701 /* UIKit.framework */,
				0B6A750E17641575007F1701 /* Foundation.framework */,
				0B6A751017641575007F1701 /* CoreGraphics.framework */,
			);
			name = Frameworks;
			sourceTree = "<group>";
		};
		0B6A751217641575007F1701 /* CustomTabbar */ = {
			isa = PBXGroup;
			children = (
				0B6A751B17641576007F1701 /* AppDelegate.h */,
				0B6A751C17641576007F1701 /* AppDelegate.m */,
				0B6A753B176416D0007F1701 /* LeftFirstViewController.h */,
				0B6A753C176416D0007F1701 /* LeftFirstViewController.m */,
				0B6A7538176416BA007F1701 /* LeftSecondViewController.h */,
				0B6A7539176416BA007F1701 /* LeftSecondViewController.m */,
				0B6A753E176416E0007F1701 /* MainViewController.h */,
				0B6A753F176416E0007F1701 /* MainViewController.m */,
				0B6A7541176416F4007F1701 /* RightFirstViewController.h */,
				0B6A7542176416F4007F1701 /* RightFirstViewController.m */,
				0B6A754417641702007F1701 /* RightSecondViewController.h */,
				0B6A754517641703007F1701 /* RightSecondViewController.m */,
				0B6A7570176424A0007F1701 /* NewFirstViewController.h */,
				0B6A7571176424A0007F1701 /* NewFirstViewController.m */,
				0B6A7573176424AE007F1701 /* NewSecondViewController.h */,
				0B6A7574176424B0007F1701 /* NewSecondViewController.m */,
				0B6A753417641642007F1701 /* Custom */,
				0B6A7529176415E2007F1701 /* image */,
				0B6A751317641575007F1701 /* Supporting Files */,
			);
			path = CustomTabbar;
			sourceTree = "<group>";
		};
		0B6A751317641575007F1701 /* Supporting Files */ = {
			isa = PBXGroup;
			children = (
				0B6A751417641575007F1701 /* CustomTabbar-Info.plist */,
				0B6A751517641575007F1701 /* InfoPlist.strings */,
				0B6A751817641576007F1701 /* main.m */,
				0B6A751A17641576007F1701 /* CustomTabbar-Prefix.pch */,
				0B6A751E17641576007F1701 /* Default.png */,
				0B6A752017641576007F1701 /* Default@2x.png */,
				0B6A752217641576007F1701 /* Default-568h@2x.png */,
			);
			name = "Supporting Files";
			sourceTree = "<group>";
		};
		0B6A7529176415E2007F1701 /* image */ = {
			isa = PBXGroup;
			children = (
				0B6A756A17641E61007F1701 /* 1_bg.png */,
				0B6A754D17641AEB007F1701 /* bottom_4chick.png */,
				0B6A754E17641AEB007F1701 /* bottom_4nor.png */,
				0B6A754F17641AEB007F1701 /* bottom_m_bg.png */,
				0B6A757617644DD0007F1701 /* box_blue.png */,
				0B6A757717644DD0007F1701 /* box_grey.png */,
			);
			name = image;
			sourceTree = "<group>";
		};
		0B6A753417641642007F1701 /* Custom */ = {
			isa = PBXGroup;
			children = (
				0B6A755D17641BB4007F1701 /* CustomBarButton.h */,
				0B6A755E17641BB4007F1701 /* CustomBarButton.m */,
				0B6A755F17641BB4007F1701 /* CustomNavViewController.h */,
				0B6A756017641BB4007F1701 /* CustomNavViewController.m */,
				0B6A756117641BB4007F1701 /* CustomTabbarView.h */,
				0B6A756217641BB4007F1701 /* CustomTabbarView.m */,
				0B6A756317641BB4007F1701 /* CustomTabbarViewController.h */,
				0B6A756417641BB4007F1701 /* CustomTabbarViewController.m */,
				0B6A756517641BB4007F1701 /* CustomTabbarViewController.xib */,
			);
			name = Custom;
			sourceTree = "<group>";
		};
/* End PBXGroup section */

/* Begin PBXNativeTarget section */
		0B6A750817641575007F1701 /* CustomTabbar */ = {
			isa = PBXNativeTarget;
			buildConfigurationList = 0B6A752617641576007F1701 /* Build configuration list for PBXNativeTarget "CustomTabbar" */;
			buildPhases = (
				0B6A750517641575007F1701 /* Sources */,
				0B6A750617641575007F1701 /* Frameworks */,
				0B6A750717641575007F1701 /* Resources */,
			);
			buildRules = (
			);
			dependencies = (
			);
			name = CustomTabbar;
			productName = CustomTabbar;
			productReference = 0B6A750917641575007F1701 /* CustomTabbar.app */;
			productType = "com.apple.product-type.application";
		};
/* End PBXNativeTarget section */

/* Begin PBXProject section */
		0B6A750117641575007F1701 /* Project object */ = {
			isa = PBXProject;
			attributes = {
				LastUpgradeCheck = 0460;
				ORGANIZATIONNAME = l;
			};
			buildConfigurationList = 0B6A750417641575007F1701 /* Build configuration list for PBXProject "CustomTabbar" */;
			compatibilityVersion = "Xcode 3.2";
			developmentRegion = English;
			hasScannedForEncodings = 0;
			knownRegions = (
				en,
			);
			mainGroup = 0B6A750017641575007F1701;
			productRefGroup = 0B6A750A17641575007F1701 /* Products */;
			projectDirPath = "";
			projectRoot = "";
			targets = (
				0B6A750817641575007F1701 /* CustomTabbar */,
			);
		};
/* End PBXProject section */

/* Begin PBXResourcesBuildPhase section */
		0B6A750717641575007F1701 /* Resources */ = {
			isa = PBXResourcesBuildPhase;
			buildActionMask = 2147483647;
			files = (
				0B6A756C17642034007F1701 /* CustomTabbarViewController.xib in Resources */,
				0B6A751717641575007F1701 /* InfoPlist.strings in Resources */,
				0B6A751F17641576007F1701 /* Default.png in Resources */,
				0B6A752117641576007F1701 /* Default@2x.png in Resources */,
				0B6A752317641576007F1701 /* Default-568h@2x.png in Resources */,
				0B6A755817641AEB007F1701 /* bottom_4chick.png in Resources */,
				0B6A755917641AEB007F1701 /* bottom_4nor.png in Resources */,
				0B6A755A17641AEB007F1701 /* bottom_m_bg.png in Resources */,
				0B6A756B17641E61007F1701 /* 1_bg.png in Resources */,
				0B6A757817644DD0007F1701 /* box_blue.png in Resources */,
				0B6A757917644DD0007F1701 /* box_grey.png in Resources */,
			);
			runOnlyForDeploymentPostprocessing = 0;
		};
/* End PBXResourcesBuildPhase section */

/* Begin PBXSourcesBuildPhase section */
		0B6A750517641575007F1701 /* Sources */ = {
			isa = PBXSourcesBuildPhase;
			buildActionMask = 2147483647;
			files = (
				0B6A756617641C70007F1701 /* CustomBarButton.m in Sources */,
				0B6A756717641C70007F1701 /* CustomNavViewController.m in Sources */,
				0B6A756817641C70007F1701 /* CustomTabbarView.m in Sources */,
				0B6A756917641C70007F1701 /* CustomTabbarViewController.m in Sources */,
				0B6A751917641576007F1701 /* main.m in Sources */,
				0B6A751D17641576007F1701 /* AppDelegate.m in Sources */,
				0B6A753A176416BA007F1701 /* LeftSecondViewController.m in Sources */,
				0B6A753D176416D0007F1701 /* LeftFirstViewController.m in Sources */,
				0B6A7540176416E0007F1701 /* MainViewController.m in Sources */,
				0B6A7543176416F4007F1701 /* RightFirstViewController.m in Sources */,
				0B6A754617641703007F1701 /* RightSecondViewController.m in Sources */,
				0B6A7572176424A1007F1701 /* NewFirstViewController.m in Sources */,
				0B6A7575176424B3007F1701 /* NewSecondViewController.m in Sources */,
			);
			runOnlyForDeploymentPostprocessing = 0;
		};
/* End PBXSourcesBuildPhase section */

/* Begin PBXVariantGroup section */
		0B6A751517641575007F1701 /* InfoPlist.strings */ = {
			isa = PBXVariantGroup;
			children = (
				0B6A751617641575007F1701 /* en */,
			);
			name = InfoPlist.strings;
			sourceTree = "<group>";
		};
/* End PBXVariantGroup section */

/* Begin XCBuildConfiguration section */
		0B6A752417641576007F1701 /* Debug */ = {
			isa = XCBuildConfiguration;
			buildSettings = {
				ALWAYS_SEARCH_USER_PATHS = NO;
				CLANG_CXX_LANGUAGE_STANDARD = "gnu++0x";
				CLANG_CXX_LIBRARY = "libc++";
				CLANG_WARN_CONSTANT_CONVERSION = YES;
				CLANG_WARN_EMPTY_BODY = YES;
				CLANG_WARN_ENUM_CONVERSION = YES;
				CLANG_WARN_INT_CONVERSION = YES;
				CLANG_WARN__DUPLICATE_METHOD_MATCH = YES;
				"CODE_SIGN_IDENTITY[sdk=iphoneos*]" = "iPhone Developer";
				COPY_PHASE_STRIP = NO;
				GCC_C_LANGUAGE_STANDARD = gnu99;
				GCC_DYNAMIC_NO_PIC = NO;
				GCC_OPTIMIZATION_LEVEL = 0;
				GCC_PREPROCESSOR_DEFINITIONS = (
					"DEBUG=1",
					"$(inherited)",
				);
				GCC_SYMBOLS_PRIVATE_EXTERN = NO;
				GCC_WARN_ABOUT_RETURN_TYPE = YES;
				GCC_WARN_UNINITIALIZED_AUTOS = YES;
				GCC_WARN_UNUSED_VARIABLE = YES;
				IPHONEOS_DEPLOYMENT_TARGET = 6.1;
				ONLY_ACTIVE_ARCH = YES;
				SDKROOT = iphoneos;
				TARGETED_DEVICE_FAMILY = "1,2";
			};
			name = Debug;
		};
		0B6A752517641576007F1701 /* Release */ = {
			isa = XCBuildConfiguration;
			buildSettings = {
				ALWAYS_SEARCH_USER_PATHS = NO;
				CLANG_CXX_LANGUAGE_STANDARD = "gnu++0x";
				CLANG_CXX_LIBRARY = "libc++";
				CLANG_WARN_CONSTANT_CONVERSION = YES;
				CLANG_WARN_EMPTY_BODY = YES;
				CLANG_WARN_ENUM_CONVERSION = YES;
				CLANG_WARN_INT_CONVERSION = YES;
				CLANG_WARN__DUPLICATE_METHOD_MATCH = YES;
				"CODE_SIGN_IDENTITY[sdk=iphoneos*]" = "iPhone Developer";
				COPY_PHASE_STRIP = YES;
				GCC_C_LANGUAGE_STANDARD = gnu99;
				GCC_WARN_ABOUT_RETURN_TYPE = YES;
				GCC_WARN_UNINITIALIZED_AUTOS = YES;
				GCC_WARN_UNUSED_VARIABLE = YES;
				IPHONEOS_DEPLOYMENT_TARGET = 6.1;
				OTHER_CFLAGS = "-DNS_BLOCK_ASSERTIONS=1";
				SDKROOT = iphoneos;
				TARGETED_DEVICE_FAMILY = "1,2";
				VALIDATE_PRODUCT = YES;
			};
			name = Release;
		};
		0B6A752717641576007F1701 /* Debug */ = {
			isa = XCBuildConfiguration;
			buildSettings = {
				GCC_PRECOMPILE_PREFIX_HEADER = YES;
				GCC_PREFIX_HEADER = "CustomTabbar/CustomTabbar-Prefix.pch";
				INFOPLIST_FILE = "CustomTabbar/CustomTabbar-Info.plist";
				PRODUCT_NAME = "$(TARGET_NAME)";
				WRAPPER_EXTENSION = app;
			};
			name = Debug;
		};
		0B6A752817641576007F1701 /* Release */ = {
			isa = XCBuildConfiguration;
			buildSettings = {
				GCC_PRECOMPILE_PREFIX_HEADER = YES;
				GCC_PREFIX_HEADER = "CustomTabbar/CustomTabbar-Prefix.pch";
				INFOPLIST_FILE = "CustomTabbar/CustomTabbar-Info.plist";
				PRODUCT_NAME = "$(TARGET_NAME)";
				WRAPPER_EXTENSION = app;
			};
			name = Release;
		};
/* End XCBuildConfiguration section */

/* Begin XCConfigurationList section */
		0B6A750417641575007F1701 /* Build configuration list for PBXProject "CustomTabbar" */ = {
			isa = XCConfigurationList;
			buildConfigurations = (
				0B6A752417641576007F1701 /* Debug */,
				0B6A752517641576007F1701 /* Release */,
			);
			defaultConfigurationIsVisible = 0;
			defaultConfigurationName = Release;
		};
		0B6A752617641576007F1701 /* Build configuration list for PBXNativeTarget "CustomTabbar" */ = {
			isa = XCConfigurationList;
			buildConfigurations = (
				0B6A752717641576007F1701 /* Debug */,
				0B6A752817641576007F1701 /* Release */,
			);
			defaultConfigurationIsVisible = 0;
		};
/* End XCConfigurationList section */
	};
	rootObject = 0B6A750117641575007F1701 /* Project object */;
}
